
Microsoft Visual Studio Solution File, Format Version 12.00
# Visual Studio Version 17
VisualStudioVersion = 17.7.34031.279
MinimumVisualStudioVersion = 10.0.40219.1
Project("{9A19103F-16F7-4668-BE54-9A1E7A4F7556}") = "CleanArchitecture.Core.Entities", "CleanArchitecture.Core.Entities\CleanArchitecture.Core.Entities.csproj", "{92F93090-DFBF-440F-9E81-12005095A8AD}"
EndProject
Project("{9A19103F-16F7-4668-BE54-9A1E7A4F7556}") = "CleanArchitecture.Application", "CleanArchitecture.Application\CleanArchitecture.Application.csproj", "{D5892961-4FEF-45AD-A559-83DEC1C52068}"
EndProject
Project("{9A19103F-16F7-4668-BE54-9A1E7A4F7556}") = "CleanArchitecture.Web.Controllers", "CleanArchitecture.Web.Controllers\CleanArchitecture.Web.Controllers.csproj", "{B8006810-1A4D-45E4-8CAD-44937F5CB912}"
EndProject
Global
	GlobalSection(SolutionConfigurationPlatforms) = preSolution
		Debug|Any CPU = Debug|Any CPU
		Release|Any CPU = Release|Any CPU
	EndGlobalSection
	GlobalSection(ProjectConfigurationPlatforms) = postSolution
		{92F93090-DFBF-440F-9E81-12005095A8AD}.Debug|Any CPU.ActiveCfg = Debug|Any CPU
		{92F93090-DFBF-440F-9E81-12005095A8AD}.Debug|Any CPU.Build.0 = Debug|Any CPU
		{92F93090-DFBF-440F-9E81-12005095A8AD}.Release|Any CPU.ActiveCfg = Release|Any CPU
		{92F93090-DFBF-440F-9E81-12005095A8AD}.Release|Any CPU.Build.0 = Release|Any CPU
		{D5892961-4FEF-45AD-A559-83DEC1C52068}.Debug|Any CPU.ActiveCfg = Debug|Any CPU
		{D5892961-4FEF-45AD-A559-83DEC1C52068}.Debug|Any CPU.Build.0 = Debug|Any CPU
		{D5892961-4FEF-45AD-A559-83DEC1C52068}.Release|Any CPU.ActiveCfg = Release|Any CPU
		{D5892961-4FEF-45AD-A559-83DEC1C52068}.Release|Any CPU.Build.0 = Release|Any CPU
		{B8006810-1A4D-45E4-8CAD-44937F5CB912}.Debug|Any CPU.ActiveCfg = Debug|Any CPU
		{B8006810-1A4D-45E4-8CAD-44937F5CB912}.Debug|Any CPU.Build.0 = Debug|Any CPU
		{B8006810-1A4D-45E4-8CAD-44937F5CB912}.Release|Any CPU.ActiveCfg = Release|Any CPU
		{B8006810-1A4D-45E4-8CAD-44937F5CB912}.Release|Any CPU.Build.0 = Release|Any CPU
	EndGlobalSection
	GlobalSection(SolutionProperties) = preSolution
		HideSolutionNode = FALSE
	EndGlobalSection
	GlobalSection(ExtensibilityGlobals) = postSolution
		SolutionGuid = {8609724E-610F-42FF-8B51-8258E4DB5136}
	EndGlobalSection
EndGlobal
